// !$*UTF8*$!
{
	archiveVersion = 1;
	classes = {
	};
	objectVersion = 46;
	objects = {

/* Begin PBXBuildFile section */
		4503C6091957E170002AEA78 /* CardMatchingGame.m in Sources */ = {isa = PBXBuildFile; fileRef = 4503C6081957E170002AEA78 /* CardMatchingGame.m */; };
		4517A2FA19513F9000E7735C /* Card.m in Sources */ = {isa = PBXBuildFile; fileRef = 4517A2F919513F9000E7735C /* Card.m */; };
		4517A2FE195148DA00E7735C /* Deck.m in Sources */ = {isa = PBXBuildFile; fileRef = 4517A2FD195148D900E7735C /* Deck.m */; };
		4517A3041952312E00E7735C /* PlayingCard.m in Sources */ = {isa = PBXBuildFile; fileRef = 4517A3031952312E00E7735C /* PlayingCard.m */; };
		4517A3071952853000E7735C /* PlayingCardDeck.m in Sources */ = {isa = PBXBuildFile; fileRef = 4517A3061952853000E7735C /* PlayingCardDeck.m */; };
		45DA01D51950DABD00BADF28 /* main.m in Sources */ = {isa = PBXBuildFile; fileRef = 45DA01D41950DABD00BADF28 /* main.m */; };
		45DA01D81950DABD00BADF28 /* AppDelegate.m in Sources */ = {isa = PBXBuildFile; fileRef = 45DA01D71950DABD00BADF28 /* AppDelegate.m */; };
		45DA01DB1950DABD00BADF28 /* ViewController.m in Sources */ = {isa = PBXBuildFile; fileRef = 45DA01DA1950DABD00BADF28 /* ViewController.m */; };
		45DA01DE1950DABD00BADF28 /* Main.storyboard in Resources */ = {isa = PBXBuildFile; fileRef = 45DA01DC1950DABD00BADF28 /* Main.storyboard */; };
		45DA01E01950DABD00BADF28 /* Images.xcassets in Resources */ = {isa = PBXBuildFile; fileRef = 45DA01DF1950DABD00BADF28 /* Images.xcassets */; };
		45DA01EC1950DABD00BADF28 /* CardTests.m in Sources */ = {isa = PBXBuildFile; fileRef = 45DA01EB1950DABD00BADF28 /* CardTests.m */; };
/* End PBXBuildFile section */

/* Begin PBXContainerItemProxy section */
		45DA01E61950DABD00BADF28 /* PBXContainerItemProxy */ = {
			isa = PBXContainerItemProxy;
			containerPortal = 45DA01C71950DABD00BADF28 /* Project object */;
			proxyType = 1;
			remoteGlobalIDString = 45DA01CE1950DABD00BADF28;
			remoteInfo = Card;
		};
/* End PBXContainerItemProxy section */

/* Begin PBXFileReference section */
		4503C6071957E16F002AEA78 /* CardMatchingGame.h */ = {isa = PBXFileReference; fileEncoding = 4; lastKnownFileType = sourcecode.c.h; name = CardMatchingGame.h; path = Model/CardMatchingGame.h; sourceTree = "<group>"; };
		4503C6081957E170002AEA78 /* CardMatchingGame.m */ = {isa = PBXFileReference; fileEncoding = 4; lastKnownFileType = sourcecode.c.objc; name = CardMatchingGame.m; path = Model/CardMatchingGame.m; sourceTree = "<group>"; };
		4517A2F819513F8F00E7735C /* Card.h */ = {isa = PBXFileReference; fileEncoding = 4; lastKnownFileType = sourcecode.c.h; name = Card.h; path = Model/Card.h; sourceTree = "<group>"; };
		4517A2F919513F9000E7735C /* Card.m */ = {isa = PBXFileReference; fileEncoding = 4; lastKnownFileType = sourcecode.c.objc; name = Card.m; path = Model/Card.m; sourceTree = "<group>"; };
		4517A2FC195148D900E7735C /* Deck.h */ = {isa = PBXFileReference; fileEncoding = 4; lastKnownFileType = sourcecode.c.h; name = Deck.h; path = Model/Deck.h; sourceTree = "<group>"; };
		4517A2FD195148D900E7735C /* Deck.m */ = {isa = PBXFileReference; fileEncoding = 4; lastKnownFileType = sourcecode.c.objc; name = Deck.m; path = Model/Deck.m; sourceTree = "<group>"; };
		4517A3021952312E00E7735C /* PlayingCard.h */ = {isa = PBXFileReference; fileEncoding = 4; lastKnownFileType = sourcecode.c.h; name = PlayingCard.h; path = Model/PlayingCard.h; sourceTree = "<group>"; };
		4517A3031952312E00E7735C /* PlayingCard.m */ = {isa = PBXFileReference; fileEncoding = 4; lastKnownFileType = sourcecode.c.objc; name = PlayingCard.m; path = Model/PlayingCard.m; sourceTree = "<group>"; };
		4517A3051952853000E7735C /* PlayingCardDeck.h */ = {isa = PBXFileReference; fileEncoding = 4; lastKnownFileType = sourcecode.c.h; path = PlayingCardDeck.h; sourceTree = "<group>"; };
		4517A3061952853000E7735C /* PlayingCardDeck.m */ = {isa = PBXFileReference; fileEncoding = 4; lastKnownFileType = sourcecode.c.objc; path = PlayingCardDeck.m; sourceTree = "<group>"; };
		45DA01CF1950DABD00BADF28 /* Card.app */ = {isa = PBXFileReference; explicitFileType = wrapper.application; includeInIndex = 0; path = Card.app; sourceTree = BUILT_PRODUCTS_DIR; };
		45DA01D31950DABD00BADF28 /* Info.plist */ = {isa = PBXFileReference; lastKnownFileType = text.plist.xml; path = Info.plist; sourceTree = "<group>"; };
		45DA01D41950DABD00BADF28 /* main.m */ = {isa = PBXFileReference; lastKnownFileType = sourcecode.c.objc; path = main.m; sourceTree = "<group>"; };
		45DA01D61950DABD00BADF28 /* AppDelegate.h */ = {isa = PBXFileReference; lastKnownFileType = sourcecode.c.h; path = AppDelegate.h; sourceTree = "<group>"; };
		45DA01D71950DABD00BADF28 /* AppDelegate.m */ = {isa = PBXFileReference; lastKnownFileType = sourcecode.c.objc; path = AppDelegate.m; sourceTree = "<group>"; };
		45DA01D91950DABD00BADF28 /* ViewController.h */ = {isa = PBXFileReference; lastKnownFileType = sourcecode.c.h; path = ViewController.h; sourceTree = "<group>"; };
		45DA01DA1950DABD00BADF28 /* ViewController.m */ = {isa = PBXFileReference; lastKnownFileType = sourcecode.c.objc; path = ViewController.m; sourceTree = "<group>"; };
		45DA01DD1950DABD00BADF28 /* Base */ = {isa = PBXFileReference; lastKnownFileType = file.storyboard; name = Base; path = Base.lproj/Main.storyboard; sourceTree = "<group>"; };
		45DA01DF1950DABD00BADF28 /* Images.xcassets */ = {isa = PBXFileReference; lastKnownFileType = folder.assetcatalog; path = Images.xcassets; sourceTree = "<group>"; };
		45DA01E51950DABD00BADF28 /* CardTests.xctest */ = {isa = PBXFileReference; explicitFileType = wrapper.cfbundle; includeInIndex = 0; path = CardTests.xctest; sourceTree = BUILT_PRODUCTS_DIR; };
		45DA01EA1950DABD00BADF28 /* Info.plist */ = {isa = PBXFileReference; lastKnownFileType = text.plist.xml; path = Info.plist; sourceTree = "<group>"; };
		45DA01EB1950DABD00BADF28 /* CardTests.m */ = {isa = PBXFileReference; lastKnownFileType = sourcecode.c.objc; path = CardTests.m; sourceTree = "<group>"; };
/* End PBXFileReference section */

/* Begin PBXFrameworksBuildPhase section */
		45DA01CC1950DABD00BADF28 /* Frameworks */ = {
			isa = PBXFrameworksBuildPhase;
			buildActionMask = 2147483647;
			files = (
			);
			runOnlyForDeploymentPostprocessing = 0;
		};
		45DA01E21950DABD00BADF28 /* Frameworks */ = {
			isa = PBXFrameworksBuildPhase;
			buildActionMask = 2147483647;
			files = (
			);
			runOnlyForDeploymentPostprocessing = 0;
		};
/* End PBXFrameworksBuildPhase section */

/* Begin PBXGroup section */
		4517A2FB19513F9F00E7735C /* Model */ = {
			isa = PBXGroup;
			children = (
				4503C6071957E16F002AEA78 /* CardMatchingGame.h */,
				4503C6081957E170002AEA78 /* CardMatchingGame.m */,
				4517A2F919513F9000E7735C /* Card.m */,
				4517A3021952312E00E7735C /* PlayingCard.h */,
				4517A3031952312E00E7735C /* PlayingCard.m */,
				4517A2FC195148D900E7735C /* Deck.h */,
				4517A3051952853000E7735C /* PlayingCardDeck.h */,
				4517A3061952853000E7735C /* PlayingCardDeck.m */,
				4517A2FD195148D900E7735C /* Deck.m */,
				4517A2F819513F8F00E7735C /* Card.h */,
			);
			name = Model;
			sourceTree = "<group>";
		};
		45DA01C61950DABD00BADF28 = {
			isa = PBXGroup;
			children = (
				45DA01D11950DABD00BADF28 /* Card */,
				45DA01E81950DABD00BADF28 /* CardTests */,
				45DA01D01950DABD00BADF28 /* Products */,
			);
			sourceTree = "<group>";
		};
		45DA01D01950DABD00BADF28 /* Products */ = {
			isa = PBXGroup;
			children = (
				45DA01CF1950DABD00BADF28 /* Card.app */,
				45DA01E51950DABD00BADF28 /* CardTests.xctest */,
			);
			name = Products;
			sourceTree = "<group>";
		};
		45DA01D11950DABD00BADF28 /* Card */ = {
			isa = PBXGroup;
			children = (
				45DA01D61950DABD00BADF28 /* AppDelegate.h */,
				45DA01D71950DABD00BADF28 /* AppDelegate.m */,
				45DA01D91950DABD00BADF28 /* ViewController.h */,
				45DA01DA1950DABD00BADF28 /* ViewController.m */,
				45DA01DC1950DABD00BADF28 /* Main.storyboard */,
				4517A2FB19513F9F00E7735C /* Model */,
				45DA01DF1950DABD00BADF28 /* Images.xcassets */,
				45DA01D21950DABD00BADF28 /* Supporting Files */,
			);
			path = Card;
			sourceTree = "<group>";
		};
		45DA01D21950DABD00BADF28 /* Supporting Files */ = {
			isa = PBXGroup;
			children = (
				45DA01D31950DABD00BADF28 /* Info.plist */,
				45DA01D41950DABD00BADF28 /* main.m */,
			);
			name = "Supporting Files";
			sourceTree = "<group>";
		};
		45DA01E81950DABD00BADF28 /* CardTests */ = {
			isa = PBXGroup;
			children = (
				45DA01EB1950DABD00BADF28 /* CardTests.m */,
				45DA01E91950DABD00BADF28 /* Supporting Files */,
			);
			path = CardTests;
			sourceTree = "<group>";
		};
		45DA01E91950DABD00BADF28 /* Supporting Files */ = {
			isa = PBXGroup;
			children = (
				45DA01EA1950DABD00BADF28 /* Info.plist */,
			);
			name = "Supporting Files";
			sourceTree = "<group>";
		};
/* End PBXGroup section */

/* Begin PBXNativeTarget section */
		45DA01CE1950DABD00BADF28 /* Card */ = {
			isa = PBXNativeTarget;
			buildConfigurationList = 45DA01EF1950DABD00BADF28 /* Build configuration list for PBXNativeTarget "Card" */;
			buildPhases = (
				45DA01CB1950DABD00BADF28 /* Sources */,
				45DA01CC1950DABD00BADF28 /* Frameworks */,
				45DA01CD1950DABD00BADF28 /* Resources */,
			);
			buildRules = (
			);
			dependencies = (
			);
			name = Card;
			productName = Card;
			productReference = 45DA01CF1950DABD00BADF28 /* Card.app */;
			productType = "com.apple.product-type.application";
		};
		45DA01E41950DABD00BADF28 /* CardTests */ = {
			isa = PBXNativeTarget;
			buildConfigurationList = 45DA01F21950DABD00BADF28 /* Build configuration list for PBXNativeTarget "CardTests" */;
			buildPhases = (
				45DA01E11950DABD00BADF28 /* Sources */,
				45DA01E21950DABD00BADF28 /* Frameworks */,
				45DA01E31950DABD00BADF28 /* Resources */,
			);
			buildRules = (
			);
			dependencies = (
				45DA01E71950DABD00BADF28 /* PBXTargetDependency */,
			);
			name = CardTests;
			productName = CardTests;
			productReference = 45DA01E51950DABD00BADF28 /* CardTests.xctest */;
			productType = "com.apple.product-type.bundle.unit-test";
		};
/* End PBXNativeTarget section */

/* Begin PBXProject section */
		45DA01C71950DABD00BADF28 /* Project object */ = {
			isa = PBXProject;
			attributes = {
				LastUpgradeCheck = 0600;
				ORGANIZATIONNAME = edu.jhu.cs.xiaoping;
				TargetAttributes = {
					45DA01CE1950DABD00BADF28 = {
						CreatedOnToolsVersion = 6.0;
					};
					45DA01E41950DABD00BADF28 = {
						CreatedOnToolsVersion = 6.0;
						TestTargetID = 45DA01CE1950DABD00BADF28;
					};
				};
			};
			buildConfigurationList = 45DA01CA1950DABD00BADF28 /* Build configuration list for PBXProject "Card" */;
			compatibilityVersion = "Xcode 3.2";
			developmentRegion = English;
			hasScannedForEncodings = 0;
			knownRegions = (
				en,
				Base,
			);
			mainGroup = 45DA01C61950DABD00BADF28;
			productRefGroup = 45DA01D01950DABD00BADF28 /* Products */;
			projectDirPath = "";
			projectRoot = "";
			targets = (
				45DA01CE1950DABD00BADF28 /* Card */,
				45DA01E41950DABD00BADF28 /* CardTests */,
			);
		};
/* End PBXProject section */

/* Begin PBXResourcesBuildPhase section */
		45DA01CD1950DABD00BADF28 /* Resources */ = {
			isa = PBXResourcesBuildPhase;
			buildActionMask = 2147483647;
			files = (
				45DA01DE1950DABD00BADF28 /* Main.storyboard in Resources */,
				45DA01E01950DABD00BADF28 /* Images.xcassets in Resources */,
			);
			runOnlyForDeploymentPostprocessing = 0;
		};
		45DA01E31950DABD00BADF28 /* Resources */ = {
			isa = PBXResourcesBuildPhase;
			buildActionMask = 2147483647;
			files = (
			);
			runOnlyForDeploymentPostprocessing = 0;
		};
/* End PBXResourcesBuildPhase section */

/* Begin PBXSourcesBuildPhase section */
		45DA01CB1950DABD00BADF28 /* Sources */ = {
			isa = PBXSourcesBuildPhase;
			buildActionMask = 2147483647;
			files = (
				4517A3041952312E00E7735C /* PlayingCard.m in Sources */,
				4517A2FE195148DA00E7735C /* Deck.m in Sources */,
				45DA01DB1950DABD00BADF28 /* ViewController.m in Sources */,
				45DA01D81950DABD00BADF28 /* AppDelegate.m in Sources */,
				4503C6091957E170002AEA78 /* CardMatchingGame.m in Sources */,
				4517A3071952853000E7735C /* PlayingCardDeck.m in Sources */,
				45DA01D51950DABD00BADF28 /* main.m in Sources */,
				4517A2FA19513F9000E7735C /* Card.m in Sources */,
			);
			runOnlyForDeploymentPostprocessing = 0;
		};
		45DA01E11950DABD00BADF28 /* Sources */ = {
			isa = PBXSourcesBuildPhase;
			buildActionMask = 2147483647;
			files = (
				45DA01EC1950DABD00BADF28 /* CardTests.m in Sources */,
			);
			runOnlyForDeploymentPostprocessing = 0;
		};
/* End PBXSourcesBuildPhase section */

/* Begin PBXTargetDependency section */
		45DA01E71950DABD00BADF28 /* PBXTargetDependency */ = {
			isa = PBXTargetDependency;
			target = 45DA01CE1950DABD00BADF28 /* Card */;
			targetProxy = 45DA01E61950DABD00BADF28 /* PBXContainerItemProxy */;
		};
/* End PBXTargetDependency section */

/* Begin PBXVariantGroup section */
		45DA01DC1950DABD00BADF28 /* Main.storyboard */ = {
			isa = PBXVariantGroup;
			children = (
				45DA01DD1950DABD00BADF28 /* Base */,
			);
			name = Main.storyboard;
			sourceTree = "<group>";
		};
/* End PBXVariantGroup section */

/* Begin XCBuildConfiguration section */
		45DA01ED1950DABD00BADF28 /* Debug */ = {
			isa = XCBuildConfiguration;
			buildSettings = {
				ALWAYS_SEARCH_USER_PATHS = NO;
				CLANG_CXX_LANGUAGE_STANDARD = "gnu++0x";
				CLANG_CXX_LIBRARY = "libc++";
				CLANG_ENABLE_MODULES = YES;
				CLANG_ENABLE_OBJC_ARC = YES;
				CLANG_WARN_BOOL_CONVERSION = YES;
				CLANG_WARN_CONSTANT_CONVERSION = YES;
				CLANG_WARN_DIRECT_OBJC_ISA_USAGE = YES_ERROR;
				CLANG_WARN_EMPTY_BODY = YES;
				CLANG_WARN_ENUM_CONVERSION = YES;
				CLANG_WARN_INT_CONVERSION = YES;
				CLANG_WARN_OBJC_ROOT_CLASS = YES_ERROR;
				CLANG_WARN_UNREACHABLE_CODE = YES;
				CLANG_WARN__DUPLICATE_METHOD_MATCH = YES;
				"CODE_SIGN_IDENTITY[sdk=iphoneos*]" = "iPhone Developer";
				COPY_PHASE_STRIP = NO;
				ENABLE_STRICT_OBJC_MSGSEND = YES;
				GCC_C_LANGUAGE_STANDARD = gnu99;
				GCC_DYNAMIC_NO_PIC = NO;
				GCC_OPTIMIZATION_LEVEL = 0;
				GCC_PREPROCESSOR_DEFINITIONS = (
					"DEBUG=1",
					"$(inherited)",
				);
				GCC_SYMBOLS_PRIVATE_EXTERN = NO;
				GCC_WARN_64_TO_32_BIT_CONVERSION = YES;
				GCC_WARN_ABOUT_RETURN_TYPE = YES_ERROR;
				GCC_WARN_UNDECLARED_SELECTOR = YES;
				GCC_WARN_UNINITIALIZED_AUTOS = YES_AGGRESSIVE;
				GCC_WARN_UNUSED_FUNCTION = YES;
				GCC_WARN_UNUSED_VARIABLE = YES;
				IPHONEOS_DEPLOYMENT_TARGET = 8.0;
				METAL_ENABLE_DEBUG_INFO = YES;
				ONLY_ACTIVE_ARCH = YES;
				SDKROOT = iphoneos;
			};
			name = Debug;
		};
		45DA01EE1950DABD00BADF28 /* Release */ = {
			isa = XCBuildConfiguration;
			buildSettings = {
				ALWAYS_SEARCH_USER_PATHS = NO;
				CLANG_CXX_LANGUAGE_STANDARD = "gnu++0x";
				CLANG_CXX_LIBRARY = "libc++";
				CLANG_ENABLE_MODULES = YES;
				CLANG_ENABLE_OBJC_ARC = YES;
				CLANG_WARN_BOOL_CONVERSION = YES;
				CLANG_WARN_CONSTANT_CONVERSION = YES;
				CLANG_WARN_DIRECT_OBJC_ISA_USAGE = YES_ERROR;
				CLANG_WARN_EMPTY_BODY = YES;
				CLANG_WARN_ENUM_CONVERSION = YES;
				CLANG_WARN_INT_CONVERSION = YES;
				CLANG_WARN_OBJC_ROOT_CLASS = YES_ERROR;
				CLANG_WARN_UNREACHABLE_CODE = YES;
				CLANG_WARN__DUPLICATE_METHOD_MATCH = YES;
				"CODE_SIGN_IDENTITY[sdk=iphoneos*]" = "iPhone Developer";
				COPY_PHASE_STRIP = YES;
				ENABLE_NS_ASSERTIONS = NO;
				ENABLE_STRICT_OBJC_MSGSEND = YES;
				GCC_C_LANGUAGE_STANDARD = gnu99;
				GCC_WARN_64_TO_32_BIT_CONVERSION = YES;
				GCC_WARN_ABOUT_RETURN_TYPE = YES_ERROR;
				GCC_WARN_UNDECLARED_SELECTOR = YES;
				GCC_WARN_UNINITIALIZED_AUTOS = YES_AGGRESSIVE;
				GCC_WARN_UNUSED_FUNCTION = YES;
				GCC_WARN_UNUSED_VARIABLE = YES;
				IPHONEOS_DEPLOYMENT_TARGET = 8.0;
				METAL_ENABLE_DEBUG_INFO = NO;
				SDKROOT = iphoneos;
				VALIDATE_PRODUCT = YES;
			};
			name = Release;
		};
		45DA01F01950DABD00BADF28 /* Debug */ = {
			isa = XCBuildConfiguration;
			buildSettings = {
				ASSETCATALOG_COMPILER_APPICON_NAME = AppIcon;
				ASSETCATALOG_COMPILER_LAUNCHIMAGE_NAME = LaunchImage;
				CLANG_ENABLE_MODULES = YES;
				INFOPLIST_FILE = Card/Info.plist;
				IPHONEOS_DEPLOYMENT_TARGET = 7.1;
				LD_RUNPATH_SEARCH_PATHS = "$(inherited) @executable_path/Frameworks";
				PRODUCT_NAME = "$(TARGET_NAME)";
				SWIFT_OBJC_BRIDGING_HEADER = "Card/Card-Bridging-Header.h";
				SWIFT_OPTIMIZATION_LEVEL = "-Onone";
			};
			name = Debug;
		};
		45DA01F11950DABD00BADF28 /* Release */ = {
			isa = XCBuildConfiguration;
			buildSettings = {
				ASSETCATALOG_COMPILER_APPICON_NAME = AppIcon;
				ASSETCATALOG_COMPILER_LAUNCHIMAGE_NAME = LaunchImage;
				CLANG_ENABLE_MODULES = YES;
				INFOPLIST_FILE = Card/Info.plist;
				IPHONEOS_DEPLOYMENT_TARGET = 7.1;
				LD_RUNPATH_SEARCH_PATHS = "$(inherited) @executable_path/Frameworks";
				PRODUCT_NAME = "$(TARGET_NAME)";
				SWIFT_OBJC_BRIDGING_HEADER = "Card/Card-Bridging-Header.h";
			};
			name = Release;
		};
		45DA01F31950DABD00BADF28 /* Debug */ = {
			isa = XCBuildConfiguration;
			buildSettings = {
				BUNDLE_LOADER = "$(BUILT_PRODUCTS_DIR)/Card.app/Card";
				FRAMEWORK_SEARCH_PATHS = (
					"$(SDKROOT)/Developer/Library/Frameworks",
					"$(inherited)",
				);
				GCC_PREPROCESSOR_DEFINITIONS = (
					"DEBUG=1",
					"$(inherited)",
				);
				INFOPLIST_FILE = CardTests/Info.plist;
				LD_RUNPATH_SEARCH_PATHS = "$(inherited) @executable_path/Frameworks @loader_path/Frameworks";
				METAL_ENABLE_DEBUG_INFO = YES;
				PRODUCT_NAME = "$(TARGET_NAME)";
				TEST_HOST = "$(BUNDLE_LOADER)";
			};
			name = Debug;
		};
		45DA01F41950DABD00BADF28 /* Release */ = {
			isa = XCBuildConfiguration;
			buildSettings = {
				BUNDLE_LOADER = "$(BUILT_PRODUCTS_DIR)/Card.app/Card";
				FRAMEWORK_SEARCH_PATHS = (
					"$(SDKROOT)/Developer/Library/Frameworks",
					"$(inherited)",
				);
				INFOPLIST_FILE = CardTests/Info.plist;
				LD_RUNPATH_SEARCH_PATHS = "$(inherited) @executable_path/Frameworks @loader_path/Frameworks";
				METAL_ENABLE_DEBUG_INFO = NO;
				PRODUCT_NAME = "$(TARGET_NAME)";
				TEST_HOST = "$(BUNDLE_LOADER)";
			};
			name = Release;
		};
/* End XCBuildConfiguration section */

/* Begin XCConfigurationList section */
		45DA01CA1950DABD00BADF28 /* Build configuration list for PBXProject "Card" */ = {
			isa = XCConfigurationList;
			buildConfigurations = (
				45DA01ED1950DABD00BADF28 /* Debug */,
				45DA01EE1950DABD00BADF28 /* Release */,
			);
			defaultConfigurationIsVisible = 0;
			defaultConfigurationName = Release;
		};
		45DA01EF1950DABD00BADF28 /* Build configuration list for PBXNativeTarget "Card" */ = {
			isa = XCConfigurationList;
			buildConfigurations = (
				45DA01F01950DABD00BADF28 /* Debug */,
				45DA01F11950DABD00BADF28 /* Release */,
			);
			defaultConfigurationIsVisible = 0;
			defaultConfigurationName = Release;
		};
		45DA01F21950DABD00BADF28 /* Build configuration list for PBXNativeTarget "CardTests" */ = {
			isa = XCConfigurationList;
			buildConfigurations = (
				45DA01F31950DABD00BADF28 /* Debug */,
				45DA01F41950DABD00BADF28 /* Release */,
			);
			defaultConfigurationIsVisible = 0;
			defaultConfigurationName = Release;
		};
/* End XCConfigurationList section */
	};
	rootObject = 45DA01C71950DABD00BADF28 /* Project object */;
}
